#MicroXplorer Configuration settings - do not modify
Mcu.Family=STM32F4
VP_TIM14_VS_no_output1.Mode=Output Compare1 No Output
ProjectManager.MainLocation=Core/Src
ProjectManager.ProjectFileName=boat_sonar.ioc
RCC.CortexFreq_Value=16000000
ProjectManager.KeepUserCode=true
Mcu.UserName=STM32F446RETx
Mcu.PinsNb=10
VP_TIM14_VS_ClockSourceINT.Signal=TIM14_VS_ClockSourceINT
ProjectManager.NoMain=false
RCC.PLLCLKFreq_Value=96000000
RCC.PLLQCLKFreq_Value=96000000
RCC.VCOI2SInputFreq_Value=1000000
ProjectManager.functionlistsort=1-MX_GPIO_Init-GPIO-false-HAL-true,2-SystemClock_Config-RCC-false-HAL-false,3-MX_TIM2_Init-TIM2-false-HAL-true,4-MX_TIM14_Init-TIM14-false-HAL-true,5-MX_TIM13_Init-TIM13-false-HAL-true,6-MX_TIM12_Init-TIM12-false-HAL-true
ProjectManager.DefaultFWLocation=true
RCC.PLLI2SRCLKFreq_Value=96000000
ProjectManager.DeletePrevious=true
TIM2.Channel-PWM\ Generation2\ CH2=TIM_CHANNEL_2
RCC.SAIAFreq_Value=96000000
PinOutPanel.RotationAngle=0
RCC.FamilyName=M
ProjectManager.StackSize=0x400
VP_TIM12_VS_no_output1.Signal=TIM12_VS_no_output1
Mcu.IP4=TIM12
Mcu.IP5=TIM13
NVIC.SVCall_IRQn=true\:0\:0\:false\:false\:true\:false\:false
Mcu.IP2=SYS
Mcu.IP3=TIM2
SH.S_TIM2_CH2.0=TIM2_CH2,PWM Generation2 CH2
Mcu.IP0=NVIC
Mcu.IP1=RCC
Mcu.UserConstants=
TIM13.Channel=TIM_CHANNEL_1
ProjectManager.TargetToolchain=STM32CubeIDE
Mcu.ThirdPartyNb=0
RCC.SDIOFreq_Value=96000000
Mcu.IPNb=7
TIM2.IPParameters=Channel-PWM Generation2 CH2,Period,Prescaler,Pulse-PWM Generation2 CH2
ProjectManager.PreviousToolchain=
SH.S_TIM2_CH2.ConfNb=1
Mcu.Pin6=VP_TIM13_VS_ClockSourceINT
Mcu.Pin7=VP_TIM13_VS_no_output1
ProjectManager.RegisterCallBack=
Mcu.Pin8=VP_TIM14_VS_ClockSourceINT
RCC.USBFreq_Value=96000000
Mcu.Pin9=VP_TIM14_VS_no_output1
RCC.VCOSAIOutputFreq_Value=192000000
TIM12.Channel-Output\ Compare1\ No\ Output=TIM_CHANNEL_1
PA1.Signal=S_TIM2_CH2
Mcu.Pin0=PA1
Mcu.Pin1=PA3
GPIO.groupedBy=Group By Peripherals
Mcu.Pin2=PA10
TIM13.IPParameters=Channel,Period,Prescaler
Mcu.Pin3=PB3
Mcu.Pin4=VP_SYS_VS_Systick
RCC.VCOI2SOutputFreq_Value=192000000
TIM12.Prescaler=63
Mcu.Pin5=VP_TIM12_VS_no_output1
ProjectManager.ProjectBuild=false
NVIC.UsageFault_IRQn=true\:0\:0\:false\:false\:true\:false\:false
NVIC.DebugMonitor_IRQn=true\:0\:0\:false\:false\:true\:false\:false
NVIC.TIM8_TRG_COM_TIM14_IRQn=true\:0\:0\:false\:false\:true\:true\:true
RCC.PLLSAIPCLKFreq_Value=96000000
board=custom
RCC.VCOOutputFreq_Value=192000000
TIM13.Period=999
TIM14.Period=300
NVIC.SysTick_IRQn=true\:0\:0\:false\:false\:true\:false\:true
ProjectManager.LastFirmware=true
TIM12.Period=65535
ProjectManager.FirmwarePackage=STM32Cube FW_F4 V1.26.2
MxDb.Version=DB.6.0.20
VP_TIM12_VS_no_output1.Mode=Output Compare1 No Output
VP_TIM13_VS_ClockSourceINT.Mode=Enable_Timer
ProjectManager.BackupPrevious=false
TIM14.Channel=TIM_CHANNEL_1
MxCube.Version=6.2.0
RCC.VCOInputFreq_Value=1000000
TIM13.Prescaler=15999
RCC.PLLI2SPCLKFreq_Value=96000000
File.Version=6
VP_SYS_VS_Systick.Mode=SysTick
NVIC.NonMaskableInt_IRQn=true\:0\:0\:false\:false\:true\:false\:false
RCC.PLLRCLKFreq_Value=96000000
NVIC.PendSV_IRQn=true\:0\:0\:false\:false\:true\:false\:false
TIM2.Period=2000
ProjectManager.FreePins=false
RCC.IPParameters=CECFreq_Value,CortexFreq_Value,FamilyName,PLLCLKFreq_Value,PLLI2SPCLKFreq_Value,PLLI2SQCLKFreq_Value,PLLI2SRCLKFreq_Value,PLLQCLKFreq_Value,PLLRCLKFreq_Value,PLLSAIPCLKFreq_Value,PLLSAIQCLKFreq_Value,SAIAFreq_Value,SAIBFreq_Value,SDIOFreq_Value,USBFreq_Value,VCOI2SInputFreq_Value,VCOI2SOutputFreq_Value,VCOInputFreq_Value,VCOOutputFreq_Value,VCOSAIInputFreq_Value,VCOSAIOutputFreq_Value
ProjectManager.AskForMigrate=true
Mcu.Name=STM32F446R(C-E)Tx
RCC.PLLI2SQCLKFreq_Value=96000000
ProjectManager.HalAssertFull=false
TIM14.Prescaler=15999
ProjectManager.ProjectName=boat_sonar
ProjectManager.UnderRoot=true
Mcu.IP6=TIM14
RCC.VCOSAIInputFreq_Value=1000000
ProjectManager.CoupleFile=false
PB3.Signal=GPIO_Input
Mcu.Package=LQFP64
TIM2.Prescaler=159
PA1.Locked=true
PA3.Locked=true
PA10.Locked=true
NVIC.ForceEnableDMAVector=true
KeepUserPlacement=false
VP_TIM13_VS_no_output1.Mode=Output Compare1 No Output
NVIC.MemoryManagement_IRQn=true\:0\:0\:false\:false\:true\:false\:false
ProjectManager.CompilerOptimize=6
ProjectManager.ToolChainLocation=
VP_SYS_VS_Systick.Signal=SYS_VS_Systick
PA10.Signal=GPIO_Output
ProjectManager.HeapSize=0x200
VP_TIM13_VS_ClockSourceINT.Signal=TIM13_VS_ClockSourceINT
NVIC.HardFault_IRQn=true\:0\:0\:false\:false\:true\:false\:false
TIM2.Pulse-PWM\ Generation2\ CH2=100
ProjectManager.ComputerToolchain=false
NVIC.TIM8_UP_TIM13_IRQn=true\:0\:0\:false\:false\:true\:true\:true
NVIC.PriorityGroup=NVIC_PRIORITYGROUP_4
VP_TIM13_VS_no_output1.Signal=TIM13_VS_no_output1
RCC.CECFreq_Value=32786.88524590164
NVIC.BusFault_IRQn=true\:0\:0\:false\:false\:true\:false\:false
VP_TIM14_VS_ClockSourceINT.Mode=Enable_Timer
TIM14.IPParameters=Channel,Prescaler,Period
RCC.SAIBFreq_Value=96000000
ProjectManager.CustomerFirmwarePackage=
TIM12.IPParameters=Prescaler,Period,Channel-Output Compare1 No Output
ProjectManager.DeviceId=STM32F446RETx
VP_TIM14_VS_no_output1.Signal=TIM14_VS_no_output1
ProjectManager.LibraryCopy=1
RCC.PLLSAIQCLKFreq_Value=96000000
PB3.Locked=true
PA3.Signal=GPIO_Input
isbadioc=false
